// !$*UTF8*$!
{
	archiveVersion = 1;
	classes = {
	};
	objectVersion = 46;
	objects = {

/* Begin PBXBuildFile section */
		066009D11DFEFAFC00F7556B /* ManualVC.swift in Sources */ = {isa = PBXBuildFile; fileRef = 066009D01DFEFAFC00F7556B /* ManualVC.swift */; };
		06CF74C51DFE0A0900CC9D08 /* AppDelegate.swift in Sources */ = {isa = PBXBuildFile; fileRef = 06CF74C41DFE0A0900CC9D08 /* AppDelegate.swift */; };
		06CF74C71DFE0A0900CC9D08 /* MainVC.swift in Sources */ = {isa = PBXBuildFile; fileRef = 06CF74C61DFE0A0900CC9D08 /* MainVC.swift */; };
		06CF74CA1DFE0A0900CC9D08 /* Main.storyboard in Resources */ = {isa = PBXBuildFile; fileRef = 06CF74C81DFE0A0900CC9D08 /* Main.storyboard */; };
		06CF74CC1DFE0A0900CC9D08 /* Assets.xcassets in Resources */ = {isa = PBXBuildFile; fileRef = 06CF74CB1DFE0A0900CC9D08 /* Assets.xcassets */; };
		06CF74D71DFE0A3300CC9D08 /* LaunchScreen.storyboard in Resources */ = {isa = PBXBuildFile; fileRef = 06CF74D61DFE0A3300CC9D08 /* LaunchScreen.storyboard */; };
		06CF74D91DFE0B1500CC9D08 /* EC2_D_VC.swift in Sources */ = {isa = PBXBuildFile; fileRef = 06CF74D81DFE0B1500CC9D08 /* EC2_D_VC.swift */; };
		06CF74DD1DFE0BA000CC9D08 /* EC2_C_VC.swift in Sources */ = {isa = PBXBuildFile; fileRef = 06CF74DA1DFE0BA000CC9D08 /* EC2_C_VC.swift */; };
		06CF74DE1DFE0BA000CC9D08 /* FIB_D_VC.swift in Sources */ = {isa = PBXBuildFile; fileRef = 06CF74DB1DFE0BA000CC9D08 /* FIB_D_VC.swift */; };
		06CF74DF1DFE0BA000CC9D08 /* FIB_C_VC.swift in Sources */ = {isa = PBXBuildFile; fileRef = 06CF74DC1DFE0BA000CC9D08 /* FIB_C_VC.swift */; };
		06CF74E11DFE12A400CC9D08 /* CustomBeamClass.swift in Sources */ = {isa = PBXBuildFile; fileRef = 06CF74E01DFE12A400CC9D08 /* CustomBeamClass.swift */; };
/* End PBXBuildFile section */

/* Begin PBXFileReference section */
		066009D01DFEFAFC00F7556B /* ManualVC.swift */ = {isa = PBXFileReference; fileEncoding = 4; lastKnownFileType = sourcecode.swift; path = ManualVC.swift; sourceTree = "<group>"; };
		06CF74C11DFE0A0900CC9D08 /* Navigate Pass Data.app */ = {isa = PBXFileReference; explicitFileType = wrapper.application; includeInIndex = 0; path = "Navigate Pass Data.app"; sourceTree = BUILT_PRODUCTS_DIR; };
		06CF74C41DFE0A0900CC9D08 /* AppDelegate.swift */ = {isa = PBXFileReference; lastKnownFileType = sourcecode.swift; path = AppDelegate.swift; sourceTree = "<group>"; };
		06CF74C61DFE0A0900CC9D08 /* MainVC.swift */ = {isa = PBXFileReference; lastKnownFileType = sourcecode.swift; path = MainVC.swift; sourceTree = "<group>"; };
		06CF74C91DFE0A0900CC9D08 /* Base */ = {isa = PBXFileReference; lastKnownFileType = file.storyboard; name = Base; path = Base.lproj/Main.storyboard; sourceTree = "<group>"; };
		06CF74CB1DFE0A0900CC9D08 /* Assets.xcassets */ = {isa = PBXFileReference; lastKnownFileType = folder.assetcatalog; path = Assets.xcassets; sourceTree = "<group>"; };
		06CF74D01DFE0A0900CC9D08 /* Info.plist */ = {isa = PBXFileReference; lastKnownFileType = text.plist.xml; path = Info.plist; sourceTree = "<group>"; };
		06CF74D61DFE0A3300CC9D08 /* LaunchScreen.storyboard */ = {isa = PBXFileReference; fileEncoding = 4; lastKnownFileType = file.storyboard; name = LaunchScreen.storyboard; path = ../LaunchScreen.storyboard; sourceTree = "<group>"; };
		06CF74D81DFE0B1500CC9D08 /* EC2_D_VC.swift */ = {isa = PBXFileReference; fileEncoding = 4; lastKnownFileType = sourcecode.swift; path = EC2_D_VC.swift; sourceTree = "<group>"; };
		06CF74DA1DFE0BA000CC9D08 /* EC2_C_VC.swift */ = {isa = PBXFileReference; fileEncoding = 4; lastKnownFileType = sourcecode.swift; path = EC2_C_VC.swift; sourceTree = "<group>"; };
		06CF74DB1DFE0BA000CC9D08 /* FIB_D_VC.swift */ = {isa = PBXFileReference; fileEncoding = 4; lastKnownFileType = sourcecode.swift; path = FIB_D_VC.swift; sourceTree = "<group>"; };
		06CF74DC1DFE0BA000CC9D08 /* FIB_C_VC.swift */ = {isa = PBXFileReference; fileEncoding = 4; lastKnownFileType = sourcecode.swift; path = FIB_C_VC.swift; sourceTree = "<group>"; };
		06CF74E01DFE12A400CC9D08 /* CustomBeamClass.swift */ = {isa = PBXFileReference; fileEncoding = 4; lastKnownFileType = sourcecode.swift; path = CustomBeamClass.swift; sourceTree = "<group>"; };
/* End PBXFileReference section */

/* Begin PBXFrameworksBuildPhase section */
		06CF74BE1DFE0A0800CC9D08 /* Frameworks */ = {
			isa = PBXFrameworksBuildPhase;
			buildActionMask = 2147483647;
			files = (
			);
			runOnlyForDeploymentPostprocessing = 0;
		};
/* End PBXFrameworksBuildPhase section */

/* Begin PBXGroup section */
		06CF74B81DFE0A0800CC9D08 = {
			isa = PBXGroup;
			children = (
				06CF74C31DFE0A0900CC9D08 /* Navigate Pass Data */,
				06CF74C21DFE0A0900CC9D08 /* Products */,
			);
			sourceTree = "<group>";
		};
		06CF74C21DFE0A0900CC9D08 /* Products */ = {
			isa = PBXGroup;
			children = (
				06CF74C11DFE0A0900CC9D08 /* Navigate Pass Data.app */,
			);
			name = Products;
			sourceTree = "<group>";
		};
		06CF74C31DFE0A0900CC9D08 /* Navigate Pass Data */ = {
			isa = PBXGroup;
			children = (
				06CF74E01DFE12A400CC9D08 /* CustomBeamClass.swift */,
				06CF74C41DFE0A0900CC9D08 /* AppDelegate.swift */,
				06CF74C61DFE0A0900CC9D08 /* MainVC.swift */,
				06CF74D81DFE0B1500CC9D08 /* EC2_D_VC.swift */,
				06CF74DA1DFE0BA000CC9D08 /* EC2_C_VC.swift */,
				06CF74DB1DFE0BA000CC9D08 /* FIB_D_VC.swift */,
				06CF74DC1DFE0BA000CC9D08 /* FIB_C_VC.swift */,
				066009D01DFEFAFC00F7556B /* ManualVC.swift */,
				06CF74C81DFE0A0900CC9D08 /* Main.storyboard */,
				06CF74CB1DFE0A0900CC9D08 /* Assets.xcassets */,
				06CF74D61DFE0A3300CC9D08 /* LaunchScreen.storyboard */,
				06CF74D01DFE0A0900CC9D08 /* Info.plist */,
			);
			path = "Navigate Pass Data";
			sourceTree = "<group>";
		};
/* End PBXGroup section */

/* Begin PBXNativeTarget section */
		06CF74C01DFE0A0800CC9D08 /* Navigate Pass Data */ = {
			isa = PBXNativeTarget;
			buildConfigurationList = 06CF74D31DFE0A0900CC9D08 /* Build configuration list for PBXNativeTarget "Navigate Pass Data" */;
			buildPhases = (
				06CF74BD1DFE0A0800CC9D08 /* Sources */,
				06CF74BE1DFE0A0800CC9D08 /* Frameworks */,
				06CF74BF1DFE0A0800CC9D08 /* Resources */,
			);
			buildRules = (
			);
			dependencies = (
			);
			name = "Navigate Pass Data";
			productName = "Navigate Pass Data";
			productReference = 06CF74C11DFE0A0900CC9D08 /* Navigate Pass Data.app */;
			productType = "com.apple.product-type.application";
		};
/* End PBXNativeTarget section */

/* Begin PBXProject section */
		06CF74B91DFE0A0800CC9D08 /* Project object */ = {
			isa = PBXProject;
			attributes = {
				LastSwiftUpdateCheck = 0810;
				LastUpgradeCheck = 0810;
				ORGANIZATIONNAME = sb;
				TargetAttributes = {
					06CF74C01DFE0A0800CC9D08 = {
						CreatedOnToolsVersion = 8.1;
						DevelopmentTeam = QRUBHG6RZT;
						ProvisioningStyle = Automatic;
					};
				};
			};
			buildConfigurationList = 06CF74BC1DFE0A0800CC9D08 /* Build configuration list for PBXProject "Navigate Pass Data" */;
			compatibilityVersion = "Xcode 3.2";
			developmentRegion = English;
			hasScannedForEncodings = 0;
			knownRegions = (
				en,
				Base,
			);
			mainGroup = 06CF74B81DFE0A0800CC9D08;
			productRefGroup = 06CF74C21DFE0A0900CC9D08 /* Products */;
			projectDirPath = "";
			projectRoot = "";
			targets = (
				06CF74C01DFE0A0800CC9D08 /* Navigate Pass Data */,
			);
		};
/* End PBXProject section */

/* Begin PBXResourcesBuildPhase section */
		06CF74BF1DFE0A0800CC9D08 /* Resources */ = {
			isa = PBXResourcesBuildPhase;
			buildActionMask = 2147483647;
			files = (
				06CF74D71DFE0A3300CC9D08 /* LaunchScreen.storyboard in Resources */,
				06CF74CC1DFE0A0900CC9D08 /* Assets.xcassets in Resources */,
				06CF74CA1DFE0A0900CC9D08 /* Main.storyboard in Resources */,
			);
			runOnlyForDeploymentPostprocessing = 0;
		};
/* End PBXResourcesBuildPhase section */

/* Begin PBXSourcesBuildPhase section */
		06CF74BD1DFE0A0800CC9D08 /* Sources */ = {
			isa = PBXSourcesBuildPhase;
			buildActionMask = 2147483647;
			files = (
				066009D11DFEFAFC00F7556B /* ManualVC.swift in Sources */,
				06CF74C71DFE0A0900CC9D08 /* MainVC.swift in Sources */,
				06CF74C51DFE0A0900CC9D08 /* AppDelegate.swift in Sources */,
				06CF74D91DFE0B1500CC9D08 /* EC2_D_VC.swift in Sources */,
				06CF74DE1DFE0BA000CC9D08 /* FIB_D_VC.swift in Sources */,
				06CF74DD1DFE0BA000CC9D08 /* EC2_C_VC.swift in Sources */,
				06CF74DF1DFE0BA000CC9D08 /* FIB_C_VC.swift in Sources */,
				06CF74E11DFE12A400CC9D08 /* CustomBeamClass.swift in Sources */,
			);
			runOnlyForDeploymentPostprocessing = 0;
		};
/* End PBXSourcesBuildPhase section */

/* Begin PBXVariantGroup section */
		06CF74C81DFE0A0900CC9D08 /* Main.storyboard */ = {
			isa = PBXVariantGroup;
			children = (
				06CF74C91DFE0A0900CC9D08 /* Base */,
			);
			name = Main.storyboard;
			sourceTree = "<group>";
		};
/* End PBXVariantGroup section */

/* Begin XCBuildConfiguration section */
		06CF74D11DFE0A0900CC9D08 /* Debug */ = {
			isa = XCBuildConfiguration;
			buildSettings = {
				ALWAYS_SEARCH_USER_PATHS = NO;
				CLANG_ANALYZER_NONNULL = YES;
				CLANG_CXX_LANGUAGE_STANDARD = "gnu++0x";
				CLANG_CXX_LIBRARY = "libc++";
				CLANG_ENABLE_MODULES = YES;
				CLANG_ENABLE_OBJC_ARC = YES;
				CLANG_WARN_BOOL_CONVERSION = YES;
				CLANG_WARN_CONSTANT_CONVERSION = YES;
				CLANG_WARN_DIRECT_OBJC_ISA_USAGE = YES_ERROR;
				CLANG_WARN_DOCUMENTATION_COMMENTS = YES;
				CLANG_WARN_EMPTY_BODY = YES;
				CLANG_WARN_ENUM_CONVERSION = YES;
				CLANG_WARN_INFINITE_RECURSION = YES;
				CLANG_WARN_INT_CONVERSION = YES;
				CLANG_WARN_OBJC_ROOT_CLASS = YES_ERROR;
				CLANG_WARN_SUSPICIOUS_MOVES = YES;
				CLANG_WARN_UNREACHABLE_CODE = YES;
				CLANG_WARN__DUPLICATE_METHOD_MATCH = YES;
				"CODE_SIGN_IDENTITY[sdk=iphoneos*]" = "iPhone Developer";
				COPY_PHASE_STRIP = NO;
				DEBUG_INFORMATION_FORMAT = dwarf;
				ENABLE_STRICT_OBJC_MSGSEND = YES;
				ENABLE_TESTABILITY = YES;
				GCC_C_LANGUAGE_STANDARD = gnu99;
				GCC_DYNAMIC_NO_PIC = NO;
				GCC_NO_COMMON_BLOCKS = YES;
				GCC_OPTIMIZATION_LEVEL = 0;
				GCC_PREPROCESSOR_DEFINITIONS = (
					"DEBUG=1",
					"$(inherited)",
				);
				GCC_WARN_64_TO_32_BIT_CONVERSION = YES;
				GCC_WARN_ABOUT_RETURN_TYPE = YES_ERROR;
				GCC_WARN_UNDECLARED_SELECTOR = YES;
				GCC_WARN_UNINITIALIZED_AUTOS = YES_AGGRESSIVE;
				GCC_WARN_UNUSED_FUNCTION = YES;
				GCC_WARN_UNUSED_VARIABLE = YES;
				IPHONEOS_DEPLOYMENT_TARGET = 10.1;
				MTL_ENABLE_DEBUG_INFO = YES;
				ONLY_ACTIVE_ARCH = YES;
				SDKROOT = iphoneos;
				SWIFT_ACTIVE_COMPILATION_CONDITIONS = DEBUG;
				SWIFT_OPTIMIZATION_LEVEL = "-Onone";
			};
			name = Debug;
		};
		06CF74D21DFE0A0900CC9D08 /* Release */ = {
			isa = XCBuildConfiguration;
			buildSettings = {
				ALWAYS_SEARCH_USER_PATHS = NO;
				CLANG_ANALYZER_NONNULL = YES;
				CLANG_CXX_LANGUAGE_STANDARD = "gnu++0x";
				CLANG_CXX_LIBRARY = "libc++";
				CLANG_ENABLE_MODULES = YES;
				CLANG_ENABLE_OBJC_ARC = YES;
				CLANG_WARN_BOOL_CONVERSION = YES;
				CLANG_WARN_CONSTANT_CONVERSION = YES;
				CLANG_WARN_DIRECT_OBJC_ISA_USAGE = YES_ERROR;
				CLANG_WARN_DOCUMENTATION_COMMENTS = YES;
				CLANG_WARN_EMPTY_BODY = YES;
				CLANG_WARN_ENUM_CONVERSION = YES;
				CLANG_WARN_INFINITE_RECURSION = YES;
				CLANG_WARN_INT_CONVERSION = YES;
				CLANG_WARN_OBJC_ROOT_CLASS = YES_ERROR;
				CLANG_WARN_SUSPICIOUS_MOVES = YES;
				CLANG_WARN_UNREACHABLE_CODE = YES;
				CLANG_WARN__DUPLICATE_METHOD_MATCH = YES;
				"CODE_SIGN_IDENTITY[sdk=iphoneos*]" = "iPhone Developer";
				COPY_PHASE_STRIP = NO;
				DEBUG_INFORMATION_FORMAT = "dwarf-with-dsym";
				ENABLE_NS_ASSERTIONS = NO;
				ENABLE_STRICT_OBJC_MSGSEND = YES;
				GCC_C_LANGUAGE_STANDARD = gnu99;
				GCC_NO_COMMON_BLOCKS = YES;
				GCC_WARN_64_TO_32_BIT_CONVERSION = YES;
				GCC_WARN_ABOUT_RETURN_TYPE = YES_ERROR;
				GCC_WARN_UNDECLARED_SELECTOR = YES;
				GCC_WARN_UNINITIALIZED_AUTOS = YES_AGGRESSIVE;
				GCC_WARN_UNUSED_FUNCTION = YES;
				GCC_WARN_UNUSED_VARIABLE = YES;
				IPHONEOS_DEPLOYMENT_TARGET = 10.1;
				MTL_ENABLE_DEBUG_INFO = NO;
				SDKROOT = iphoneos;
				SWIFT_OPTIMIZATION_LEVEL = "-Owholemodule";
				VALIDATE_PRODUCT = YES;
			};
			name = Release;
		};
		06CF74D41DFE0A0900CC9D08 /* Debug */ = {
			isa = XCBuildConfiguration;
			buildSettings = {
				ASSETCATALOG_COMPILER_APPICON_NAME = AppIcon;
				DEVELOPMENT_TEAM = QRUBHG6RZT;
				INFOPLIST_FILE = "Navigate Pass Data/Info.plist";
				LD_RUNPATH_SEARCH_PATHS = "$(inherited) @executable_path/Frameworks";
				PRODUCT_BUNDLE_IDENTIFIER = "com.sab.Navigate-Pass-Data";
				PRODUCT_NAME = "$(TARGET_NAME)";
				SWIFT_VERSION = 3.0;
			};
			name = Debug;
		};
		06CF74D51DFE0A0900CC9D08 /* Release */ = {
			isa = XCBuildConfiguration;
			buildSettings = {
				ASSETCATALOG_COMPILER_APPICON_NAME = AppIcon;
				DEVELOPMENT_TEAM = QRUBHG6RZT;
				INFOPLIST_FILE = "Navigate Pass Data/Info.plist";
				LD_RUNPATH_SEARCH_PATHS = "$(inherited) @executable_path/Frameworks";
				PRODUCT_BUNDLE_IDENTIFIER = "com.sab.Navigate-Pass-Data";
				PRODUCT_NAME = "$(TARGET_NAME)";
				SWIFT_VERSION = 3.0;
			};
			name = Release;
		};
/* End XCBuildConfiguration section */

/* Begin XCConfigurationList section */
		06CF74BC1DFE0A0800CC9D08 /* Build configuration list for PBXProject "Navigate Pass Data" */ = {
			isa = XCConfigurationList;
			buildConfigurations = (
				06CF74D11DFE0A0900CC9D08 /* Debug */,
				06CF74D21DFE0A0900CC9D08 /* Release */,
			);
			defaultConfigurationIsVisible = 0;
			defaultConfigurationName = Release;
		};
		06CF74D31DFE0A0900CC9D08 /* Build configuration list for PBXNativeTarget "Navigate Pass Data" */ = {
			isa = XCConfigurationList;
			buildConfigurations = (
				06CF74D41DFE0A0900CC9D08 /* Debug */,
				06CF74D51DFE0A0900CC9D08 /* Release */,
			);
			defaultConfigurationIsVisible = 0;
			defaultConfigurationName = Release;
		};
/* End XCConfigurationList section */
	};
	rootObject = 06CF74B91DFE0A0800CC9D08 /* Project object */;
}
